// !$*UTF8*$!
{
	archiveVersion = 1;
	classes = {
	};
	objectVersion = 55;
	objects = {

/* Begin PBXBuildFile section */
		191657352856A45A001ED343 /* ListOrdersPresenter.swift in Sources */ = {isa = PBXBuildFile; fileRef = 1916572F2856A45A001ED343 /* ListOrdersPresenter.swift */; };
		191657362856A45A001ED343 /* ListOrdersWorker.swift in Sources */ = {isa = PBXBuildFile; fileRef = 191657302856A45A001ED343 /* ListOrdersWorker.swift */; };
		191657372856A45A001ED343 /* ListOrdersRouter.swift in Sources */ = {isa = PBXBuildFile; fileRef = 191657312856A45A001ED343 /* ListOrdersRouter.swift */; };
		191657382856A45A001ED343 /* ListOrdersModels.swift in Sources */ = {isa = PBXBuildFile; fileRef = 191657322856A45A001ED343 /* ListOrdersModels.swift */; };
		191657392856A45A001ED343 /* ListOrdersViewController.swift in Sources */ = {isa = PBXBuildFile; fileRef = 191657332856A45A001ED343 /* ListOrdersViewController.swift */; };
		1916573A2856A45A001ED343 /* ListOrdersInteractor.swift in Sources */ = {isa = PBXBuildFile; fileRef = 191657342856A45A001ED343 /* ListOrdersInteractor.swift */; };
		1916573E2856ACED001ED343 /* ListOrdersCell.swift in Sources */ = {isa = PBXBuildFile; fileRef = 1916573D2856ACED001ED343 /* ListOrdersCell.swift */; };
		191657412856B076001ED343 /* OrdersWorker.swift in Sources */ = {isa = PBXBuildFile; fileRef = 191657402856B076001ED343 /* OrdersWorker.swift */; };
		191657442856B1EA001ED343 /* Order.swift in Sources */ = {isa = PBXBuildFile; fileRef = 191657432856B1EA001ED343 /* Order.swift */; };
		191657472856B355001ED343 /* OrdersMemStore.swift in Sources */ = {isa = PBXBuildFile; fileRef = 191657462856B355001ED343 /* OrdersMemStore.swift */; };
		1916575B2856D902001ED343 /* ShowOrderPresenter.swift in Sources */ = {isa = PBXBuildFile; fileRef = 191657552856D902001ED343 /* ShowOrderPresenter.swift */; };
		1916575C2856D902001ED343 /* ShowOrderWorker.swift in Sources */ = {isa = PBXBuildFile; fileRef = 191657562856D902001ED343 /* ShowOrderWorker.swift */; };
		1916575D2856D902001ED343 /* ShowOrderRouter.swift in Sources */ = {isa = PBXBuildFile; fileRef = 191657572856D902001ED343 /* ShowOrderRouter.swift */; };
		1916575E2856D902001ED343 /* ShowOrderModels.swift in Sources */ = {isa = PBXBuildFile; fileRef = 191657582856D902001ED343 /* ShowOrderModels.swift */; };
		1916575F2856D902001ED343 /* ShowOrderViewController.swift in Sources */ = {isa = PBXBuildFile; fileRef = 191657592856D902001ED343 /* ShowOrderViewController.swift */; };
		191657602856D902001ED343 /* ShowOrderInteractor.swift in Sources */ = {isa = PBXBuildFile; fileRef = 1916575A2856D902001ED343 /* ShowOrderInteractor.swift */; };
		191A82F62866B374002922A5 /* KeyboardLayoutConstraint.swift in Sources */ = {isa = PBXBuildFile; fileRef = 191A82F52866B374002922A5 /* KeyboardLayoutConstraint.swift */; };
		191D05D128468DDE00236963 /* CreateOrderPresenter.swift in Sources */ = {isa = PBXBuildFile; fileRef = 191D05CB28468DDE00236963 /* CreateOrderPresenter.swift */; };
		191D05D228468DDE00236963 /* CreateOrderWorker.swift in Sources */ = {isa = PBXBuildFile; fileRef = 191D05CC28468DDE00236963 /* CreateOrderWorker.swift */; };
		191D05D328468DDE00236963 /* CreateOrderRouter.swift in Sources */ = {isa = PBXBuildFile; fileRef = 191D05CD28468DDE00236963 /* CreateOrderRouter.swift */; };
		191D05D428468DDE00236963 /* CreateOrderModels.swift in Sources */ = {isa = PBXBuildFile; fileRef = 191D05CE28468DDE00236963 /* CreateOrderModels.swift */; };
		191D05D528468DDE00236963 /* CreateOrderViewController.swift in Sources */ = {isa = PBXBuildFile; fileRef = 191D05CF28468DDE00236963 /* CreateOrderViewController.swift */; };
		191D05D628468DDE00236963 /* CreateOrderInteractor.swift in Sources */ = {isa = PBXBuildFile; fileRef = 191D05D028468DDE00236963 /* CreateOrderInteractor.swift */; };
		197AF35D2851897D00043369 /* ViewConfiguration.swift in Sources */ = {isa = PBXBuildFile; fileRef = 197AF35C2851897D00043369 /* ViewConfiguration.swift */; };
		197AF36128518B7A00043369 /* CreateOrderTextFieldCell.swift in Sources */ = {isa = PBXBuildFile; fileRef = 197AF36028518B7A00043369 /* CreateOrderTextFieldCell.swift */; };
		197AF3632852584C00043369 /* CreateOrderSwitchCell.swift in Sources */ = {isa = PBXBuildFile; fileRef = 197AF3622852584C00043369 /* CreateOrderSwitchCell.swift */; };
		19E7193428468BBF00F3DA75 /* AppDelegate.swift in Sources */ = {isa = PBXBuildFile; fileRef = 19E7193328468BBF00F3DA75 /* AppDelegate.swift */; };
		19E7193628468BBF00F3DA75 /* SceneDelegate.swift in Sources */ = {isa = PBXBuildFile; fileRef = 19E7193528468BBF00F3DA75 /* SceneDelegate.swift */; };
		19E7193D28468BC000F3DA75 /* Assets.xcassets in Resources */ = {isa = PBXBuildFile; fileRef = 19E7193C28468BC000F3DA75 /* Assets.xcassets */; };
		19E7194028468BC000F3DA75 /* LaunchScreen.storyboard in Resources */ = {isa = PBXBuildFile; fileRef = 19E7193E28468BC000F3DA75 /* LaunchScreen.storyboard */; };
		F94E70B24C4B768CB4BC4591 /* Pods_CleanStore.framework in Frameworks */ = {isa = PBXBuildFile; fileRef = 866C10A754A6D84C79C9EACB /* Pods_CleanStore.framework */; };
/* End PBXBuildFile section */

/* Begin PBXFileReference section */
		045F9B533E177297056C31CF /* Pods-CleanStore.debug.xcconfig */ = {isa = PBXFileReference; includeInIndex = 1; lastKnownFileType = text.xcconfig; name = "Pods-CleanStore.debug.xcconfig"; path = "Target Support Files/Pods-CleanStore/Pods-CleanStore.debug.xcconfig"; sourceTree = "<group>"; };
		1916572F2856A45A001ED343 /* ListOrdersPresenter.swift */ = {isa = PBXFileReference; lastKnownFileType = sourcecode.swift; path = ListOrdersPresenter.swift; sourceTree = "<group>"; };
		191657302856A45A001ED343 /* ListOrdersWorker.swift */ = {isa = PBXFileReference; lastKnownFileType = sourcecode.swift; path = ListOrdersWorker.swift; sourceTree = "<group>"; };
		191657312856A45A001ED343 /* ListOrdersRouter.swift */ = {isa = PBXFileReference; lastKnownFileType = sourcecode.swift; path = ListOrdersRouter.swift; sourceTree = "<group>"; };
		191657322856A45A001ED343 /* ListOrdersModels.swift */ = {isa = PBXFileReference; lastKnownFileType = sourcecode.swift; path = ListOrdersModels.swift; sourceTree = "<group>"; };
		191657332856A45A001ED343 /* ListOrdersViewController.swift */ = {isa = PBXFileReference; lastKnownFileType = sourcecode.swift; path = ListOrdersViewController.swift; sourceTree = "<group>"; };
		191657342856A45A001ED343 /* ListOrdersInteractor.swift */ = {isa = PBXFileReference; lastKnownFileType = sourcecode.swift; path = ListOrdersInteractor.swift; sourceTree = "<group>"; };
		1916573D2856ACED001ED343 /* ListOrdersCell.swift */ = {isa = PBXFileReference; lastKnownFileType = sourcecode.swift; path = ListOrdersCell.swift; sourceTree = "<group>"; };
		191657402856B076001ED343 /* OrdersWorker.swift */ = {isa = PBXFileReference; lastKnownFileType = sourcecode.swift; path = OrdersWorker.swift; sourceTree = "<group>"; };
		191657432856B1EA001ED343 /* Order.swift */ = {isa = PBXFileReference; lastKnownFileType = sourcecode.swift; path = Order.swift; sourceTree = "<group>"; };
		191657462856B355001ED343 /* OrdersMemStore.swift */ = {isa = PBXFileReference; lastKnownFileType = sourcecode.swift; path = OrdersMemStore.swift; sourceTree = "<group>"; };
		191657552856D902001ED343 /* ShowOrderPresenter.swift */ = {isa = PBXFileReference; lastKnownFileType = sourcecode.swift; path = ShowOrderPresenter.swift; sourceTree = "<group>"; };
		191657562856D902001ED343 /* ShowOrderWorker.swift */ = {isa = PBXFileReference; lastKnownFileType = sourcecode.swift; path = ShowOrderWorker.swift; sourceTree = "<group>"; };
		191657572856D902001ED343 /* ShowOrderRouter.swift */ = {isa = PBXFileReference; lastKnownFileType = sourcecode.swift; path = ShowOrderRouter.swift; sourceTree = "<group>"; };
		191657582856D902001ED343 /* ShowOrderModels.swift */ = {isa = PBXFileReference; lastKnownFileType = sourcecode.swift; path = ShowOrderModels.swift; sourceTree = "<group>"; };
		191657592856D902001ED343 /* ShowOrderViewController.swift */ = {isa = PBXFileReference; lastKnownFileType = sourcecode.swift; path = ShowOrderViewController.swift; sourceTree = "<group>"; };
		1916575A2856D902001ED343 /* ShowOrderInteractor.swift */ = {isa = PBXFileReference; lastKnownFileType = sourcecode.swift; path = ShowOrderInteractor.swift; sourceTree = "<group>"; };
		191A82F52866B374002922A5 /* KeyboardLayoutConstraint.swift */ = {isa = PBXFileReference; lastKnownFileType = sourcecode.swift; path = KeyboardLayoutConstraint.swift; sourceTree = "<group>"; };
		191D05CB28468DDE00236963 /* CreateOrderPresenter.swift */ = {isa = PBXFileReference; lastKnownFileType = sourcecode.swift; path = CreateOrderPresenter.swift; sourceTree = "<group>"; };
		191D05CC28468DDE00236963 /* CreateOrderWorker.swift */ = {isa = PBXFileReference; lastKnownFileType = sourcecode.swift; path = CreateOrderWorker.swift; sourceTree = "<group>"; };
		191D05CD28468DDE00236963 /* CreateOrderRouter.swift */ = {isa = PBXFileReference; lastKnownFileType = sourcecode.swift; path = CreateOrderRouter.swift; sourceTree = "<group>"; };
		191D05CE28468DDE00236963 /* CreateOrderModels.swift */ = {isa = PBXFileReference; lastKnownFileType = sourcecode.swift; path = CreateOrderModels.swift; sourceTree = "<group>"; };
		191D05CF28468DDE00236963 /* CreateOrderViewController.swift */ = {isa = PBXFileReference; lastKnownFileType = sourcecode.swift; path = CreateOrderViewController.swift; sourceTree = "<group>"; };
		191D05D028468DDE00236963 /* CreateOrderInteractor.swift */ = {isa = PBXFileReference; lastKnownFileType = sourcecode.swift; path = CreateOrderInteractor.swift; sourceTree = "<group>"; };
		197AF35C2851897D00043369 /* ViewConfiguration.swift */ = {isa = PBXFileReference; lastKnownFileType = sourcecode.swift; path = ViewConfiguration.swift; sourceTree = "<group>"; };
		197AF36028518B7A00043369 /* CreateOrderTextFieldCell.swift */ = {isa = PBXFileReference; lastKnownFileType = sourcecode.swift; path = CreateOrderTextFieldCell.swift; sourceTree = "<group>"; };
		197AF3622852584C00043369 /* CreateOrderSwitchCell.swift */ = {isa = PBXFileReference; lastKnownFileType = sourcecode.swift; path = CreateOrderSwitchCell.swift; sourceTree = "<group>"; };
		19E7193028468BBF00F3DA75 /* CleanStore.app */ = {isa = PBXFileReference; explicitFileType = wrapper.application; includeInIndex = 0; path = CleanStore.app; sourceTree = BUILT_PRODUCTS_DIR; };
		19E7193328468BBF00F3DA75 /* AppDelegate.swift */ = {isa = PBXFileReference; lastKnownFileType = sourcecode.swift; path = AppDelegate.swift; sourceTree = "<group>"; };
		19E7193528468BBF00F3DA75 /* SceneDelegate.swift */ = {isa = PBXFileReference; lastKnownFileType = sourcecode.swift; path = SceneDelegate.swift; sourceTree = "<group>"; };
		19E7193C28468BC000F3DA75 /* Assets.xcassets */ = {isa = PBXFileReference; lastKnownFileType = folder.assetcatalog; path = Assets.xcassets; sourceTree = "<group>"; };
		19E7193F28468BC000F3DA75 /* Base */ = {isa = PBXFileReference; lastKnownFileType = file.storyboard; name = Base; path = Base.lproj/LaunchScreen.storyboard; sourceTree = "<group>"; };
		19E7194128468BC000F3DA75 /* Info.plist */ = {isa = PBXFileReference; lastKnownFileType = text.plist.xml; path = Info.plist; sourceTree = "<group>"; };
		4CEB811A8D2F3D0CAC525B8C /* Pods-CleanStore.release.xcconfig */ = {isa = PBXFileReference; includeInIndex = 1; lastKnownFileType = text.xcconfig; name = "Pods-CleanStore.release.xcconfig"; path = "Target Support Files/Pods-CleanStore/Pods-CleanStore.release.xcconfig"; sourceTree = "<group>"; };
		866C10A754A6D84C79C9EACB /* Pods_CleanStore.framework */ = {isa = PBXFileReference; explicitFileType = wrapper.framework; includeInIndex = 0; path = Pods_CleanStore.framework; sourceTree = BUILT_PRODUCTS_DIR; };
/* End PBXFileReference section */

/* Begin PBXFrameworksBuildPhase section */
		19E7192D28468BBF00F3DA75 /* Frameworks */ = {
			isa = PBXFrameworksBuildPhase;
			buildActionMask = 2147483647;
			files = (
				F94E70B24C4B768CB4BC4591 /* Pods_CleanStore.framework in Frameworks */,
			);
			runOnlyForDeploymentPostprocessing = 0;
		};
/* End PBXFrameworksBuildPhase section */

/* Begin PBXGroup section */
		0B460495B90DB6ECAEB6AA8C /* Frameworks */ = {
			isa = PBXGroup;
			children = (
				866C10A754A6D84C79C9EACB /* Pods_CleanStore.framework */,
			);
			name = Frameworks;
			sourceTree = "<group>";
		};
		0D10D03BD817F801C16EC415 /* Pods */ = {
			isa = PBXGroup;
			children = (
				045F9B533E177297056C31CF /* Pods-CleanStore.debug.xcconfig */,
				4CEB811A8D2F3D0CAC525B8C /* Pods-CleanStore.release.xcconfig */,
			);
			name = Pods;
			path = Pods;
			sourceTree = "<group>";
		};
		1916573B2856AB35001ED343 /* Views */ = {
			isa = PBXGroup;
			children = (
				1916573D2856ACED001ED343 /* ListOrdersCell.swift */,
			);
			path = Views;
			sourceTree = "<group>";
		};
		1916573F2856B04E001ED343 /* Workers */ = {
			isa = PBXGroup;
			children = (
				191657402856B076001ED343 /* OrdersWorker.swift */,
			);
			path = Workers;
			sourceTree = "<group>";
		};
		191657422856B1E2001ED343 /* Models */ = {
			isa = PBXGroup;
			children = (
				191657432856B1EA001ED343 /* Order.swift */,
			);
			path = Models;
			sourceTree = "<group>";
		};
		191657452856B33E001ED343 /* Services */ = {
			isa = PBXGroup;
			children = (
				191657462856B355001ED343 /* OrdersMemStore.swift */,
			);
			path = Services;
			sourceTree = "<group>";
		};
		191657482856D514001ED343 /* ShowOrder */ = {
			isa = PBXGroup;
			children = (
				191657552856D902001ED343 /* ShowOrderPresenter.swift */,
				191657562856D902001ED343 /* ShowOrderWorker.swift */,
				191657572856D902001ED343 /* ShowOrderRouter.swift */,
				191657582856D902001ED343 /* ShowOrderModels.swift */,
				191657592856D902001ED343 /* ShowOrderViewController.swift */,
				1916575A2856D902001ED343 /* ShowOrderInteractor.swift */,
			);
			path = ShowOrder;
			sourceTree = "<group>";
		};
		191D05C928468C2600236963 /* Scenes */ = {
			isa = PBXGroup;
			children = (
				191657482856D514001ED343 /* ShowOrder */,
				1991883428569D2300FF577A /* ListOrders */,
				191D05CA28468D4D00236963 /* CreateOrder */,
			);
			path = Scenes;
			sourceTree = "<group>";
		};
		191D05CA28468D4D00236963 /* CreateOrder */ = {
			isa = PBXGroup;
			children = (
				197AF35F28518B6E00043369 /* Views */,
				191D05CB28468DDE00236963 /* CreateOrderPresenter.swift */,
				191D05CC28468DDE00236963 /* CreateOrderWorker.swift */,
				191D05CD28468DDE00236963 /* CreateOrderRouter.swift */,
				191D05CE28468DDE00236963 /* CreateOrderModels.swift */,
				191D05CF28468DDE00236963 /* CreateOrderViewController.swift */,
				191D05D028468DDE00236963 /* CreateOrderInteractor.swift */,
			);
			path = CreateOrder;
			sourceTree = "<group>";
		};
		197AF35B2851896E00043369 /* Helpers */ = {
			isa = PBXGroup;
			children = (
				197AF35C2851897D00043369 /* ViewConfiguration.swift */,
				191A82F52866B374002922A5 /* KeyboardLayoutConstraint.swift */,
			);
			path = Helpers;
			sourceTree = "<group>";
		};
		197AF35E2851898F00043369 /* Resources */ = {
			isa = PBXGroup;
			children = (
				19E7193528468BBF00F3DA75 /* SceneDelegate.swift */,
				19E7193328468BBF00F3DA75 /* AppDelegate.swift */,
				19E7193C28468BC000F3DA75 /* Assets.xcassets */,
				19E7193E28468BC000F3DA75 /* LaunchScreen.storyboard */,
			);
			path = Resources;
			sourceTree = "<group>";
		};
		197AF35F28518B6E00043369 /* Views */ = {
			isa = PBXGroup;
			children = (
				197AF36028518B7A00043369 /* CreateOrderTextFieldCell.swift */,
				197AF3622852584C00043369 /* CreateOrderSwitchCell.swift */,
			);
			path = Views;
			sourceTree = "<group>";
		};
		1991883428569D2300FF577A /* ListOrders */ = {
			isa = PBXGroup;
			children = (
				1916573B2856AB35001ED343 /* Views */,
				1916572F2856A45A001ED343 /* ListOrdersPresenter.swift */,
				191657302856A45A001ED343 /* ListOrdersWorker.swift */,
				191657312856A45A001ED343 /* ListOrdersRouter.swift */,
				191657322856A45A001ED343 /* ListOrdersModels.swift */,
				191657332856A45A001ED343 /* ListOrdersViewController.swift */,
				191657342856A45A001ED343 /* ListOrdersInteractor.swift */,
			);
			path = ListOrders;
			sourceTree = "<group>";
		};
		19E7192728468BBF00F3DA75 = {
			isa = PBXGroup;
			children = (
				19E7193228468BBF00F3DA75 /* CleanStore */,
				19E7193128468BBF00F3DA75 /* Products */,
				0D10D03BD817F801C16EC415 /* Pods */,
				0B460495B90DB6ECAEB6AA8C /* Frameworks */,
			);
			sourceTree = "<group>";
		};
		19E7193128468BBF00F3DA75 /* Products */ = {
			isa = PBXGroup;
			children = (
				19E7193028468BBF00F3DA75 /* CleanStore.app */,
			);
			name = Products;
			sourceTree = "<group>";
		};
		19E7193228468BBF00F3DA75 /* CleanStore */ = {
			isa = PBXGroup;
			children = (
				191657422856B1E2001ED343 /* Models */,
				191657452856B33E001ED343 /* Services */,
				1916573F2856B04E001ED343 /* Workers */,
				191D05C928468C2600236963 /* Scenes */,
				197AF35B2851896E00043369 /* Helpers */,
				197AF35E2851898F00043369 /* Resources */,
				19E7194128468BC000F3DA75 /* Info.plist */,
			);
			path = CleanStore;
			sourceTree = "<group>";
		};
/* End PBXGroup section */

/* Begin PBXNativeTarget section */
		19E7192F28468BBF00F3DA75 /* CleanStore */ = {
			isa = PBXNativeTarget;
			buildConfigurationList = 19E7194428468BC000F3DA75 /* Build configuration list for PBXNativeTarget "CleanStore" */;
			buildPhases = (
				372DADD20FFA02C294E90F23 /* [CP] Check Pods Manifest.lock */,
				19E7192C28468BBF00F3DA75 /* Sources */,
				19E7192D28468BBF00F3DA75 /* Frameworks */,
				19E7192E28468BBF00F3DA75 /* Resources */,
				6B5B72E1459EC122808AFE92 /* [CP] Embed Pods Frameworks */,
			);
			buildRules = (
			);
			dependencies = (
			);
			name = CleanStore;
			productName = CleanMovie;
			productReference = 19E7193028468BBF00F3DA75 /* CleanStore.app */;
			productType = "com.apple.product-type.application";
		};
/* End PBXNativeTarget section */

/* Begin PBXProject section */
		19E7192828468BBF00F3DA75 /* Project object */ = {
			isa = PBXProject;
			attributes = {
				BuildIndependentTargetsInParallel = 1;
				LastSwiftUpdateCheck = 1340;
				LastUpgradeCheck = 1340;
				TargetAttributes = {
					19E7192F28468BBF00F3DA75 = {
						CreatedOnToolsVersion = 13.4;
					};
				};
			};
			buildConfigurationList = 19E7192B28468BBF00F3DA75 /* Build configuration list for PBXProject "CleanStore" */;
			compatibilityVersion = "Xcode 13.0";
			developmentRegion = en;
			hasScannedForEncodings = 0;
			knownRegions = (
				en,
				Base,
			);
			mainGroup = 19E7192728468BBF00F3DA75;
			productRefGroup = 19E7193128468BBF00F3DA75 /* Products */;
			projectDirPath = "";
			projectRoot = "";
			targets = (
				19E7192F28468BBF00F3DA75 /* CleanStore */,
			);
		};
/* End PBXProject section */

/* Begin PBXResourcesBuildPhase section */
		19E7192E28468BBF00F3DA75 /* Resources */ = {
			isa = PBXResourcesBuildPhase;
			buildActionMask = 2147483647;
			files = (
				19E7194028468BC000F3DA75 /* LaunchScreen.storyboard in Resources */,
				19E7193D28468BC000F3DA75 /* Assets.xcassets in Resources */,
			);
			runOnlyForDeploymentPostprocessing = 0;
		};
/* End PBXResourcesBuildPhase section */

/* Begin PBXShellScriptBuildPhase section */
		372DADD20FFA02C294E90F23 /* [CP] Check Pods Manifest.lock */ = {
			isa = PBXShellScriptBuildPhase;
			buildActionMask = 2147483647;
			files = (
			);
			inputFileListPaths = (
			);
			inputPaths = (
				"${PODS_PODFILE_DIR_PATH}/Podfile.lock",
				"${PODS_ROOT}/Manifest.lock",
			);
			name = "[CP] Check Pods Manifest.lock";
			outputFileListPaths = (
			);
			outputPaths = (
				"$(DERIVED_FILE_DIR)/Pods-CleanStore-checkManifestLockResult.txt",
			);
			runOnlyForDeploymentPostprocessing = 0;
			shellPath = /bin/sh;
			shellScript = "diff \"${PODS_PODFILE_DIR_PATH}/Podfile.lock\" \"${PODS_ROOT}/Manifest.lock\" > /dev/null\nif [ $? != 0 ] ; then\n    # print error to STDERR\n    echo \"error: The sandbox is not in sync with the Podfile.lock. Run 'pod install' or update your CocoaPods installation.\" >&2\n    exit 1\nfi\n# This output is used by Xcode 'outputs' to avoid re-running this script phase.\necho \"SUCCESS\" > \"${SCRIPT_OUTPUT_FILE_0}\"\n";
			showEnvVarsInLog = 0;
		};
		6B5B72E1459EC122808AFE92 /* [CP] Embed Pods Frameworks */ = {
			isa = PBXShellScriptBuildPhase;
			buildActionMask = 2147483647;
			files = (
			);
			inputFileListPaths = (
				"${PODS_ROOT}/Target Support Files/Pods-CleanStore/Pods-CleanStore-frameworks-${CONFIGURATION}-input-files.xcfilelist",
			);
			name = "[CP] Embed Pods Frameworks";
			outputFileListPaths = (
				"${PODS_ROOT}/Target Support Files/Pods-CleanStore/Pods-CleanStore-frameworks-${CONFIGURATION}-output-files.xcfilelist",
			);
			runOnlyForDeploymentPostprocessing = 0;
			shellPath = /bin/sh;
			shellScript = "\"${PODS_ROOT}/Target Support Files/Pods-CleanStore/Pods-CleanStore-frameworks.sh\"\n";
			showEnvVarsInLog = 0;
		};
/* End PBXShellScriptBuildPhase section */

/* Begin PBXSourcesBuildPhase section */
		19E7192C28468BBF00F3DA75 /* Sources */ = {
			isa = PBXSourcesBuildPhase;
			buildActionMask = 2147483647;
			files = (
				197AF35D2851897D00043369 /* ViewConfiguration.swift in Sources */,
				1916573A2856A45A001ED343 /* ListOrdersInteractor.swift in Sources */,
				191657472856B355001ED343 /* OrdersMemStore.swift in Sources */,
				191657442856B1EA001ED343 /* Order.swift in Sources */,
				191D05D528468DDE00236963 /* CreateOrderViewController.swift in Sources */,
				191657362856A45A001ED343 /* ListOrdersWorker.swift in Sources */,
				191657602856D902001ED343 /* ShowOrderInteractor.swift in Sources */,
				191657392856A45A001ED343 /* ListOrdersViewController.swift in Sources */,
				191657382856A45A001ED343 /* ListOrdersModels.swift in Sources */,
				197AF36128518B7A00043369 /* CreateOrderTextFieldCell.swift in Sources */,
				191657352856A45A001ED343 /* ListOrdersPresenter.swift in Sources */,
				1916575F2856D902001ED343 /* ShowOrderViewController.swift in Sources */,
				191D05D128468DDE00236963 /* CreateOrderPresenter.swift in Sources */,
				191D05D228468DDE00236963 /* CreateOrderWorker.swift in Sources */,
				191657412856B076001ED343 /* OrdersWorker.swift in Sources */,
				1916573E2856ACED001ED343 /* ListOrdersCell.swift in Sources */,
				1916575D2856D902001ED343 /* ShowOrderRouter.swift in Sources */,
				197AF3632852584C00043369 /* CreateOrderSwitchCell.swift in Sources */,
				191D05D428468DDE00236963 /* CreateOrderModels.swift in Sources */,
				191657372856A45A001ED343 /* ListOrdersRouter.swift in Sources */,
				191D05D628468DDE00236963 /* CreateOrderInteractor.swift in Sources */,
				19E7193428468BBF00F3DA75 /* AppDelegate.swift in Sources */,
				19E7193628468BBF00F3DA75 /* SceneDelegate.swift in Sources */,
				1916575C2856D902001ED343 /* ShowOrderWorker.swift in Sources */,
				1916575E2856D902001ED343 /* ShowOrderModels.swift in Sources */,
				191A82F62866B374002922A5 /* KeyboardLayoutConstraint.swift in Sources */,
				1916575B2856D902001ED343 /* ShowOrderPresenter.swift in Sources */,
				191D05D328468DDE00236963 /* CreateOrderRouter.swift in Sources */,
			);
			runOnlyForDeploymentPostprocessing = 0;
		};
/* End PBXSourcesBuildPhase section */

/* Begin PBXVariantGroup section */
		19E7193E28468BC000F3DA75 /* LaunchScreen.storyboard */ = {
			isa = PBXVariantGroup;
			children = (
				19E7193F28468BC000F3DA75 /* Base */,
			);
			name = LaunchScreen.storyboard;
			sourceTree = "<group>";
		};
/* End PBXVariantGroup section */

/* Begin XCBuildConfiguration section */
		19E7194228468BC000F3DA75 /* Debug */ = {
			isa = XCBuildConfiguration;
			buildSettings = {
				ALWAYS_SEARCH_USER_PATHS = NO;
				CLANG_ANALYZER_NONNULL = YES;
				CLANG_ANALYZER_NUMBER_OBJECT_CONVERSION = YES_AGGRESSIVE;
				CLANG_CXX_LANGUAGE_STANDARD = "gnu++17";
				CLANG_ENABLE_MODULES = YES;
				CLANG_ENABLE_OBJC_ARC = YES;
				CLANG_ENABLE_OBJC_WEAK = YES;
				CLANG_WARN_BLOCK_CAPTURE_AUTORELEASING = YES;
				CLANG_WARN_BOOL_CONVERSION = YES;
				CLANG_WARN_COMMA = YES;
				CLANG_WARN_CONSTANT_CONVERSION = YES;
				CLANG_WARN_DEPRECATED_OBJC_IMPLEMENTATIONS = YES;
				CLANG_WARN_DIRECT_OBJC_ISA_USAGE = YES_ERROR;
				CLANG_WARN_DOCUMENTATION_COMMENTS = YES;
				CLANG_WARN_EMPTY_BODY = YES;
				CLANG_WARN_ENUM_CONVERSION = YES;
				CLANG_WARN_INFINITE_RECURSION = YES;
				CLANG_WARN_INT_CONVERSION = YES;
				CLANG_WARN_NON_LITERAL_NULL_CONVERSION = YES;
				CLANG_WARN_OBJC_IMPLICIT_RETAIN_SELF = YES;
				CLANG_WARN_OBJC_LITERAL_CONVERSION = YES;
				CLANG_WARN_OBJC_ROOT_CLASS = YES_ERROR;
				CLANG_WARN_QUOTED_INCLUDE_IN_FRAMEWORK_HEADER = YES;
				CLANG_WARN_RANGE_LOOP_ANALYSIS = YES;
				CLANG_WARN_STRICT_PROTOTYPES = YES;
				CLANG_WARN_SUSPICIOUS_MOVE = YES;
				CLANG_WARN_UNGUARDED_AVAILABILITY = YES_AGGRESSIVE;
				CLANG_WARN_UNREACHABLE_CODE = YES;
				CLANG_WARN__DUPLICATE_METHOD_MATCH = YES;
				COPY_PHASE_STRIP = NO;
				DEBUG_INFORMATION_FORMAT = dwarf;
				ENABLE_STRICT_OBJC_MSGSEND = YES;
				ENABLE_TESTABILITY = YES;
				GCC_C_LANGUAGE_STANDARD = gnu11;
				GCC_DYNAMIC_NO_PIC = NO;
				GCC_NO_COMMON_BLOCKS = YES;
				GCC_OPTIMIZATION_LEVEL = 0;
				GCC_PREPROCESSOR_DEFINITIONS = (
					"DEBUG=1",
					"$(inherited)",
				);
				GCC_WARN_64_TO_32_BIT_CONVERSION = YES;
				GCC_WARN_ABOUT_RETURN_TYPE = YES_ERROR;
				GCC_WARN_UNDECLARED_SELECTOR = YES;
				GCC_WARN_UNINITIALIZED_AUTOS = YES_AGGRESSIVE;
				GCC_WARN_UNUSED_FUNCTION = YES;
				GCC_WARN_UNUSED_VARIABLE = YES;
				IPHONEOS_DEPLOYMENT_TARGET = 15.5;
				MTL_ENABLE_DEBUG_INFO = INCLUDE_SOURCE;
				MTL_FAST_MATH = YES;
				ONLY_ACTIVE_ARCH = YES;
				SDKROOT = iphoneos;
				SWIFT_ACTIVE_COMPILATION_CONDITIONS = DEBUG;
				SWIFT_OPTIMIZATION_LEVEL = "-Onone";
			};
			name = Debug;
		};
		19E7194328468BC000F3DA75 /* Release */ = {
			isa = XCBuildConfiguration;
			buildSettings = {
				ALWAYS_SEARCH_USER_PATHS = NO;
				CLANG_ANALYZER_NONNULL = YES;
				CLANG_ANALYZER_NUMBER_OBJECT_CONVERSION = YES_AGGRESSIVE;
				CLANG_CXX_LANGUAGE_STANDARD = "gnu++17";
				CLANG_ENABLE_MODULES = YES;
				CLANG_ENABLE_OBJC_ARC = YES;
				CLANG_ENABLE_OBJC_WEAK = YES;
				CLANG_WARN_BLOCK_CAPTURE_AUTORELEASING = YES;
				CLANG_WARN_BOOL_CONVERSION = YES;
				CLANG_WARN_COMMA = YES;
				CLANG_WARN_CONSTANT_CONVERSION = YES;
				CLANG_WARN_DEPRECATED_OBJC_IMPLEMENTATIONS = YES;
				CLANG_WARN_DIRECT_OBJC_ISA_USAGE = YES_ERROR;
				CLANG_WARN_DOCUMENTATION_COMMENTS = YES;
				CLANG_WARN_EMPTY_BODY = YES;
				CLANG_WARN_ENUM_CONVERSION = YES;
				CLANG_WARN_INFINITE_RECURSION = YES;
				CLANG_WARN_INT_CONVERSION = YES;
				CLANG_WARN_NON_LITERAL_NULL_CONVERSION = YES;
				CLANG_WARN_OBJC_IMPLICIT_RETAIN_SELF = YES;
				CLANG_WARN_OBJC_LITERAL_CONVERSION = YES;
				CLANG_WARN_OBJC_ROOT_CLASS = YES_ERROR;
				CLANG_WARN_QUOTED_INCLUDE_IN_FRAMEWORK_HEADER = YES;
				CLANG_WARN_RANGE_LOOP_ANALYSIS = YES;
				CLANG_WARN_STRICT_PROTOTYPES = YES;
				CLANG_WARN_SUSPICIOUS_MOVE = YES;
				CLANG_WARN_UNGUARDED_AVAILABILITY = YES_AGGRESSIVE;
				CLANG_WARN_UNREACHABLE_CODE = YES;
				CLANG_WARN__DUPLICATE_METHOD_MATCH = YES;
				COPY_PHASE_STRIP = NO;
				DEBUG_INFORMATION_FORMAT = "dwarf-with-dsym";
				ENABLE_NS_ASSERTIONS = NO;
				ENABLE_STRICT_OBJC_MSGSEND = YES;
				GCC_C_LANGUAGE_STANDARD = gnu11;
				GCC_NO_COMMON_BLOCKS = YES;
				GCC_WARN_64_TO_32_BIT_CONVERSION = YES;
				GCC_WARN_ABOUT_RETURN_TYPE = YES_ERROR;
				GCC_WARN_UNDECLARED_SELECTOR = YES;
				GCC_WARN_UNINITIALIZED_AUTOS = YES_AGGRESSIVE;
				GCC_WARN_UNUSED_FUNCTION = YES;
				GCC_WARN_UNUSED_VARIABLE = YES;
				IPHONEOS_DEPLOYMENT_TARGET = 15.5;
				MTL_ENABLE_DEBUG_INFO = NO;
				MTL_FAST_MATH = YES;
				SDKROOT = iphoneos;
				SWIFT_COMPILATION_MODE = wholemodule;
				SWIFT_OPTIMIZATION_LEVEL = "-O";
				VALIDATE_PRODUCT = YES;
			};
			name = Release;
		};
		19E7194528468BC000F3DA75 /* Debug */ = {
			isa = XCBuildConfiguration;
			baseConfigurationReference = 045F9B533E177297056C31CF /* Pods-CleanStore.debug.xcconfig */;
			buildSettings = {
				ASSETCATALOG_COMPILER_APPICON_NAME = AppIcon;
				ASSETCATALOG_COMPILER_GLOBAL_ACCENT_COLOR_NAME = AccentColor;
				CODE_SIGN_STYLE = Automatic;
				CURRENT_PROJECT_VERSION = 1;
				DEVELOPMENT_TEAM = 4R8R6NNBY4;
				GENERATE_INFOPLIST_FILE = YES;
				INFOPLIST_FILE = CleanStore/Info.plist;
				INFOPLIST_KEY_CFBundleDisplayName = CleanStore;
				INFOPLIST_KEY_UIApplicationSupportsIndirectInputEvents = YES;
				INFOPLIST_KEY_UILaunchStoryboardName = LaunchScreen;
				INFOPLIST_KEY_UISupportedInterfaceOrientations_iPad = "UIInterfaceOrientationPortrait UIInterfaceOrientationPortraitUpsideDown UIInterfaceOrientationLandscapeLeft UIInterfaceOrientationLandscapeRight";
				INFOPLIST_KEY_UISupportedInterfaceOrientations_iPhone = "UIInterfaceOrientationPortrait UIInterfaceOrientationLandscapeLeft UIInterfaceOrientationLandscapeRight";
				LD_RUNPATH_SEARCH_PATHS = (
					"$(inherited)",
					"@executable_path/Frameworks",
				);
				MARKETING_VERSION = 1.0;
				PRODUCT_BUNDLE_IDENTIFIER = giulianoAccorsi.CleanStore;
				PRODUCT_NAME = "$(TARGET_NAME)";
				SWIFT_EMIT_LOC_STRINGS = YES;
				SWIFT_VERSION = 5.0;
				TARGETED_DEVICE_FAMILY = "1,2";
			};
			name = Debug;
		};
		19E7194628468BC000F3DA75 /* Release */ = {
			isa = XCBuildConfiguration;
			baseConfigurationReference = 4CEB811A8D2F3D0CAC525B8C /* Pods-CleanStore.release.xcconfig */;
			buildSettings = {
				ASSETCATALOG_COMPILER_APPICON_NAME = AppIcon;
				ASSETCATALOG_COMPILER_GLOBAL_ACCENT_COLOR_NAME = AccentColor;
				CODE_SIGN_STYLE = Automatic;
				CURRENT_PROJECT_VERSION = 1;
				DEVELOPMENT_TEAM = 4R8R6NNBY4;
				GENERATE_INFOPLIST_FILE = YES;
				INFOPLIST_FILE = CleanStore/Info.plist;
				INFOPLIST_KEY_CFBundleDisplayName = CleanStore;
				INFOPLIST_KEY_UIApplicationSupportsIndirectInputEvents = YES;
				INFOPLIST_KEY_UILaunchStoryboardName = LaunchScreen;
				INFOPLIST_KEY_UISupportedInterfaceOrientations_iPad = "UIInterfaceOrientationPortrait UIInterfaceOrientationPortraitUpsideDown UIInterfaceOrientationLandscapeLeft UIInterfaceOrientationLandscapeRight";
				INFOPLIST_KEY_UISupportedInterfaceOrientations_iPhone = "UIInterfaceOrientationPortrait UIInterfaceOrientationLandscapeLeft UIInterfaceOrientationLandscapeRight";
				LD_RUNPATH_SEARCH_PATHS = (
					"$(inherited)",
					"@executable_path/Frameworks",
				);
				MARKETING_VERSION = 1.0;
				PRODUCT_BUNDLE_IDENTIFIER = giulianoAccorsi.CleanStore;
				PRODUCT_NAME = "$(TARGET_NAME)";
				SWIFT_EMIT_LOC_STRINGS = YES;
				SWIFT_VERSION = 5.0;
				TARGETED_DEVICE_FAMILY = "1,2";
			};
			name = Release;
		};
/* End XCBuildConfiguration section */

/* Begin XCConfigurationList section */
		19E7192B28468BBF00F3DA75 /* Build configuration list for PBXProject "CleanStore" */ = {
			isa = XCConfigurationList;
			buildConfigurations = (
				19E7194228468BC000F3DA75 /* Debug */,
				19E7194328468BC000F3DA75 /* Release */,
			);
			defaultConfigurationIsVisible = 0;
			defaultConfigurationName = Release;
		};
		19E7194428468BC000F3DA75 /* Build configuration list for PBXNativeTarget "CleanStore" */ = {
			isa = XCConfigurationList;
			buildConfigurations = (
				19E7194528468BC000F3DA75 /* Debug */,
				19E7194628468BC000F3DA75 /* Release */,
			);
			defaultConfigurationIsVisible = 0;
			defaultConfigurationName = Release;
		};
/* End XCConfigurationList section */
	};
	rootObject = 19E7192828468BBF00F3DA75 /* Project object */;
}
